# THIS IS AN AUTOGENERATED FILE. DO NOT EDIT THIS FILE DIRECTLY.
# yarn lockfile v1


react-native-image-picker@^4.1.1:
  version "4.1.1"
  resolved "https://registry.yarnpkg.com/react-native-image-picker/-/react-native-image-picker-4.1.1.tgz#f5b20c77b060e4a8cad4e76ae042e1e45b4743da"
  integrity sha512-O78kljfaLQkFNzba4yWueqXlAWzDNzYUavqSQloJAf+ISGsOk95WO/a4Tp27E6hck8vPtx7u0GBrvEULyh1XAw==
